
Microsoft Visual Studio Solution File, Format Version 12.00
# Visual Studio 15
VisualStudioVersion = 15.0.28307.1340
MinimumVisualStudioVersion = 10.0.40219.1
Project("{8BC9CEB8-8B4A-11D0-8D11-00A0C91BC942}") = "luabind_test", "luabind_test\luabind_test.vcxproj", "{5DB59343-2799-46CD-AA96-75AFEF6FFE5F}"
EndProject
Global
	GlobalSection(SolutionConfigurationPlatforms) = preSolution
		Debug|x64 = Debug|x64
		Debug|x86 = Debug|x86
		Release|x64 = Release|x64
		Release|x86 = Release|x86
	EndGlobalSection
	GlobalSection(ProjectConfigurationPlatforms) = postSolution
		{5DB59343-2799-46CD-AA96-75AFEF6FFE5F}.Debug|x64.ActiveCfg = Debug|x64
		{5DB59343-2799-46CD-AA96-75AFEF6FFE5F}.Debug|x64.Build.0 = Debug|x64
		{5DB59343-2799-46CD-AA96-75AFEF6FFE5F}.Debug|x86.ActiveCfg = Debug|Win32
		{5DB59343-2799-46CD-AA96-75AFEF6FFE5F}.Debug|x86.Build.0 = Debug|Win32
		{5DB59343-2799-46CD-AA96-75AFEF6FFE5F}.Release|x64.ActiveCfg = Release|x64
		{5DB59343-2799-46CD-AA96-75AFEF6FFE5F}.Release|x64.Build.0 = Release|x64
		{5DB59343-2799-46CD-AA96-75AFEF6FFE5F}.Release|x86.ActiveCfg = Release|Win32
		{5DB59343-2799-46CD-AA96-75AFEF6FFE5F}.Release|x86.Build.0 = Release|Win32
	EndGlobalSection
	GlobalSection(SolutionProperties) = preSolution
		HideSolutionNode = FALSE
	EndGlobalSection
	GlobalSection(ExtensibilityGlobals) = postSolution
		SolutionGuid = {80C37916-0C55-42F0-A434-AA3F45F723EF}
	EndGlobalSection
EndGlobal
